
Microsoft Visual Studio Solution File, Format Version 12.00
Project("{FAE04EC0-301F-11D3-BF4B-00C04F79EFBC}") = "TagGameLib", "TagGameLib\TagGameLib.csproj", "{9F1B3CAC-443C-42D9-A81F-AC6BA58575A2}"
EndProject
Project("{FAE04EC0-301F-11D3-BF4B-00C04F79EFBC}") = "WPF", "WPF\WPF.csproj", "{12CDD26F-D3BE-48A1-8D5E-4AD0A4684DCF}"
EndProject
Global
	GlobalSection(SolutionConfigurationPlatforms) = preSolution
		Debug|Any CPU = Debug|Any CPU
		Release|Any CPU = Release|Any CPU
	EndGlobalSection
	GlobalSection(ProjectConfigurationPlatforms) = postSolution
		{9F1B3CAC-443C-42D9-A81F-AC6BA58575A2}.Debug|Any CPU.ActiveCfg = Debug|Any CPU
		{9F1B3CAC-443C-42D9-A81F-AC6BA58575A2}.Debug|Any CPU.Build.0 = Debug|Any CPU
		{9F1B3CAC-443C-42D9-A81F-AC6BA58575A2}.Release|Any CPU.ActiveCfg = Release|Any CPU
		{9F1B3CAC-443C-42D9-A81F-AC6BA58575A2}.Release|Any CPU.Build.0 = Release|Any CPU
		{12CDD26F-D3BE-48A1-8D5E-4AD0A4684DCF}.Debug|Any CPU.ActiveCfg = Debug|Any CPU
		{12CDD26F-D3BE-48A1-8D5E-4AD0A4684DCF}.Debug|Any CPU.Build.0 = Debug|Any CPU
		{12CDD26F-D3BE-48A1-8D5E-4AD0A4684DCF}.Release|Any CPU.ActiveCfg = Release|Any CPU
		{12CDD26F-D3BE-48A1-8D5E-4AD0A4684DCF}.Release|Any CPU.Build.0 = Release|Any CPU
	EndGlobalSection
EndGlobal
